
Microsoft Visual Studio Solution File, Format Version 12.00
# Visual Studio Version 17
VisualStudioVersion = 17.7.34031.279
MinimumVisualStudioVersion = 10.0.40219.1
Project("{9A19103F-16F7-4668-BE54-9A1E7A4F7556}") = "Ej1", "Ej1\Ej1.csproj", "{EFC6661D-E900-4459-B25B-E700B7E70A67}"
EndProject
Project("{9A19103F-16F7-4668-BE54-9A1E7A4F7556}") = "Entidades", "Entidades\Entidades.csproj", "{A5BED4E8-F274-4600-AE64-3E58EE16656E}"
EndProject
Project("{9A19103F-16F7-4668-BE54-9A1E7A4F7556}") = "DAL", "DAL\DAL.csproj", "{9FD0817F-6C52-4EFB-9949-B0B4EE61F155}"
EndProject
Project("{9A19103F-16F7-4668-BE54-9A1E7A4F7556}") = "BL", "BL\BL.csproj", "{0C05A54F-E707-40CF-A142-FB42C92D1BDF}"
EndProject
Project("{FAE04EC0-301F-11D3-BF4B-00C04F79EFBC}") = "Ej2", "Ej2\Ej2.csproj", "{C8F33556-9335-4A55-8349-D5E84D8325D8}"
EndProject
Global
	GlobalSection(SolutionConfigurationPlatforms) = preSolution
		Debug|Any CPU = Debug|Any CPU
		Release|Any CPU = Release|Any CPU
	EndGlobalSection
	GlobalSection(ProjectConfigurationPlatforms) = postSolution
		{EFC6661D-E900-4459-B25B-E700B7E70A67}.Debug|Any CPU.ActiveCfg = Debug|Any CPU
		{EFC6661D-E900-4459-B25B-E700B7E70A67}.Debug|Any CPU.Build.0 = Debug|Any CPU
		{EFC6661D-E900-4459-B25B-E700B7E70A67}.Debug|Any CPU.Deploy.0 = Debug|Any CPU
		{EFC6661D-E900-4459-B25B-E700B7E70A67}.Release|Any CPU.ActiveCfg = Release|Any CPU
		{EFC6661D-E900-4459-B25B-E700B7E70A67}.Release|Any CPU.Build.0 = Release|Any CPU
		{EFC6661D-E900-4459-B25B-E700B7E70A67}.Release|Any CPU.Deploy.0 = Release|Any CPU
		{A5BED4E8-F274-4600-AE64-3E58EE16656E}.Debug|Any CPU.ActiveCfg = Debug|Any CPU
		{A5BED4E8-F274-4600-AE64-3E58EE16656E}.Debug|Any CPU.Build.0 = Debug|Any CPU
		{A5BED4E8-F274-4600-AE64-3E58EE16656E}.Release|Any CPU.ActiveCfg = Release|Any CPU
		{A5BED4E8-F274-4600-AE64-3E58EE16656E}.Release|Any CPU.Build.0 = Release|Any CPU
		{9FD0817F-6C52-4EFB-9949-B0B4EE61F155}.Debug|Any CPU.ActiveCfg = Debug|Any CPU
		{9FD0817F-6C52-4EFB-9949-B0B4EE61F155}.Debug|Any CPU.Build.0 = Debug|Any CPU
		{9FD0817F-6C52-4EFB-9949-B0B4EE61F155}.Release|Any CPU.ActiveCfg = Release|Any CPU
		{9FD0817F-6C52-4EFB-9949-B0B4EE61F155}.Release|Any CPU.Build.0 = Release|Any CPU
		{0C05A54F-E707-40CF-A142-FB42C92D1BDF}.Debug|Any CPU.ActiveCfg = Debug|Any CPU
		{0C05A54F-E707-40CF-A142-FB42C92D1BDF}.Debug|Any CPU.Build.0 = Debug|Any CPU
		{0C05A54F-E707-40CF-A142-FB42C92D1BDF}.Release|Any CPU.ActiveCfg = Release|Any CPU
		{0C05A54F-E707-40CF-A142-FB42C92D1BDF}.Release|Any CPU.Build.0 = Release|Any CPU
		{C8F33556-9335-4A55-8349-D5E84D8325D8}.Debug|Any CPU.ActiveCfg = Debug|Any CPU
		{C8F33556-9335-4A55-8349-D5E84D8325D8}.Debug|Any CPU.Build.0 = Debug|Any CPU
		{C8F33556-9335-4A55-8349-D5E84D8325D8}.Debug|Any CPU.Deploy.0 = Debug|Any CPU
		{C8F33556-9335-4A55-8349-D5E84D8325D8}.Release|Any CPU.ActiveCfg = Release|Any CPU
		{C8F33556-9335-4A55-8349-D5E84D8325D8}.Release|Any CPU.Build.0 = Release|Any CPU
		{C8F33556-9335-4A55-8349-D5E84D8325D8}.Release|Any CPU.Deploy.0 = Release|Any CPU
	EndGlobalSection
	GlobalSection(SolutionProperties) = preSolution
		HideSolutionNode = FALSE
	EndGlobalSection
	GlobalSection(ExtensibilityGlobals) = postSolution
		SolutionGuid = {78797433-5E0E-4841-B5C3-7C25628FA3E1}
	EndGlobalSection
EndGlobal
