
Microsoft Visual Studio Solution File, Format Version 12.00
# Visual Studio Version 17
VisualStudioVersion = 17.7.34031.279
MinimumVisualStudioVersion = 10.0.40219.1
Project("{9A19103F-16F7-4668-BE54-9A1E7A4F7556}") = "WPF", "WPF\WPF.csproj", "{9AF3FE08-7C8B-4EFF-B07F-AD6BA3097E13}"
EndProject
Project("{FAE04EC0-301F-11D3-BF4B-00C04F79EFBC}") = "UWP", "UWP\UWP.csproj", "{13586BF9-F4B9-4021-965A-0B1322AECC84}"
EndProject
Project("{9A19103F-16F7-4668-BE54-9A1E7A4F7556}") = "ClassLibrary1", "ClassLibrary1\ClassLibrary1.csproj", "{DD673666-C9CE-4C10-9800-61DDBA859794}"
EndProject
Project("{778DAE3C-4631-46EA-AA77-85C1314464D9}") = "WinFormsApp1", "WinFormsApp1\WinFormsApp1.vbproj", "{136A38E4-A30D-411E-8833-C18E3BA85DEB}"
EndProject
Global
	GlobalSection(SolutionConfigurationPlatforms) = preSolution
		Debug|Any CPU = Debug|Any CPU
		Debug|ARM = Debug|ARM
		Debug|ARM64 = Debug|ARM64
		Debug|x64 = Debug|x64
		Debug|x86 = Debug|x86
		Release|Any CPU = Release|Any CPU
		Release|ARM = Release|ARM
		Release|ARM64 = Release|ARM64
		Release|x64 = Release|x64
		Release|x86 = Release|x86
	EndGlobalSection
	GlobalSection(ProjectConfigurationPlatforms) = postSolution
		{9AF3FE08-7C8B-4EFF-B07F-AD6BA3097E13}.Debug|Any CPU.ActiveCfg = Debug|Any CPU
		{9AF3FE08-7C8B-4EFF-B07F-AD6BA3097E13}.Debug|Any CPU.Build.0 = Debug|Any CPU
		{9AF3FE08-7C8B-4EFF-B07F-AD6BA3097E13}.Debug|ARM.ActiveCfg = Debug|Any CPU
		{9AF3FE08-7C8B-4EFF-B07F-AD6BA3097E13}.Debug|ARM.Build.0 = Debug|Any CPU
		{9AF3FE08-7C8B-4EFF-B07F-AD6BA3097E13}.Debug|ARM64.ActiveCfg = Debug|Any CPU
		{9AF3FE08-7C8B-4EFF-B07F-AD6BA3097E13}.Debug|ARM64.Build.0 = Debug|Any CPU
		{9AF3FE08-7C8B-4EFF-B07F-AD6BA3097E13}.Debug|x64.ActiveCfg = Debug|Any CPU
		{9AF3FE08-7C8B-4EFF-B07F-AD6BA3097E13}.Debug|x64.Build.0 = Debug|Any CPU
		{9AF3FE08-7C8B-4EFF-B07F-AD6BA3097E13}.Debug|x86.ActiveCfg = Debug|Any CPU
		{9AF3FE08-7C8B-4EFF-B07F-AD6BA3097E13}.Debug|x86.Build.0 = Debug|Any CPU
		{9AF3FE08-7C8B-4EFF-B07F-AD6BA3097E13}.Release|Any CPU.ActiveCfg = Release|Any CPU
		{9AF3FE08-7C8B-4EFF-B07F-AD6BA3097E13}.Release|Any CPU.Build.0 = Release|Any CPU
		{9AF3FE08-7C8B-4EFF-B07F-AD6BA3097E13}.Release|ARM.ActiveCfg = Release|Any CPU
		{9AF3FE08-7C8B-4EFF-B07F-AD6BA3097E13}.Release|ARM.Build.0 = Release|Any CPU
		{9AF3FE08-7C8B-4EFF-B07F-AD6BA3097E13}.Release|ARM64.ActiveCfg = Release|Any CPU
		{9AF3FE08-7C8B-4EFF-B07F-AD6BA3097E13}.Release|ARM64.Build.0 = Release|Any CPU
		{9AF3FE08-7C8B-4EFF-B07F-AD6BA3097E13}.Release|x64.ActiveCfg = Release|Any CPU
		{9AF3FE08-7C8B-4EFF-B07F-AD6BA3097E13}.Release|x64.Build.0 = Release|Any CPU
		{9AF3FE08-7C8B-4EFF-B07F-AD6BA3097E13}.Release|x86.ActiveCfg = Release|Any CPU
		{9AF3FE08-7C8B-4EFF-B07F-AD6BA3097E13}.Release|x86.Build.0 = Release|Any CPU
		{13586BF9-F4B9-4021-965A-0B1322AECC84}.Debug|Any CPU.ActiveCfg = Debug|x64
		{13586BF9-F4B9-4021-965A-0B1322AECC84}.Debug|Any CPU.Build.0 = Debug|x64
		{13586BF9-F4B9-4021-965A-0B1322AECC84}.Debug|Any CPU.Deploy.0 = Debug|x64
		{13586BF9-F4B9-4021-965A-0B1322AECC84}.Debug|ARM.ActiveCfg = Debug|ARM
		{13586BF9-F4B9-4021-965A-0B1322AECC84}.Debug|ARM.Build.0 = Debug|ARM
		{13586BF9-F4B9-4021-965A-0B1322AECC84}.Debug|ARM.Deploy.0 = Debug|ARM
		{13586BF9-F4B9-4021-965A-0B1322AECC84}.Debug|ARM64.ActiveCfg = Debug|ARM64
		{13586BF9-F4B9-4021-965A-0B1322AECC84}.Debug|ARM64.Build.0 = Debug|ARM64
		{13586BF9-F4B9-4021-965A-0B1322AECC84}.Debug|ARM64.Deploy.0 = Debug|ARM64
		{13586BF9-F4B9-4021-965A-0B1322AECC84}.Debug|x64.ActiveCfg = Debug|x64
		{13586BF9-F4B9-4021-965A-0B1322AECC84}.Debug|x64.Build.0 = Debug|x64
		{13586BF9-F4B9-4021-965A-0B1322AECC84}.Debug|x64.Deploy.0 = Debug|x64
		{13586BF9-F4B9-4021-965A-0B1322AECC84}.Debug|x86.ActiveCfg = Debug|x86
		{13586BF9-F4B9-4021-965A-0B1322AECC84}.Debug|x86.Build.0 = Debug|x86
		{13586BF9-F4B9-4021-965A-0B1322AECC84}.Debug|x86.Deploy.0 = Debug|x86
		{13586BF9-F4B9-4021-965A-0B1322AECC84}.Release|Any CPU.ActiveCfg = Release|x64
		{13586BF9-F4B9-4021-965A-0B1322AECC84}.Release|Any CPU.Build.0 = Release|x64
		{13586BF9-F4B9-4021-965A-0B1322AECC84}.Release|Any CPU.Deploy.0 = Release|x64
		{13586BF9-F4B9-4021-965A-0B1322AECC84}.Release|ARM.ActiveCfg = Release|ARM
		{13586BF9-F4B9-4021-965A-0B1322AECC84}.Release|ARM.Build.0 = Release|ARM
		{13586BF9-F4B9-4021-965A-0B1322AECC84}.Release|ARM.Deploy.0 = Release|ARM
		{13586BF9-F4B9-4021-965A-0B1322AECC84}.Release|ARM64.ActiveCfg = Release|ARM64
		{13586BF9-F4B9-4021-965A-0B1322AECC84}.Release|ARM64.Build.0 = Release|ARM64
		{13586BF9-F4B9-4021-965A-0B1322AECC84}.Release|ARM64.Deploy.0 = Release|ARM64
		{13586BF9-F4B9-4021-965A-0B1322AECC84}.Release|x64.ActiveCfg = Release|x64
		{13586BF9-F4B9-4021-965A-0B1322AECC84}.Release|x64.Build.0 = Release|x64
		{13586BF9-F4B9-4021-965A-0B1322AECC84}.Release|x64.Deploy.0 = Release|x64
		{13586BF9-F4B9-4021-965A-0B1322AECC84}.Release|x86.ActiveCfg = Release|x86
		{13586BF9-F4B9-4021-965A-0B1322AECC84}.Release|x86.Build.0 = Release|x86
		{13586BF9-F4B9-4021-965A-0B1322AECC84}.Release|x86.Deploy.0 = Release|x86
		{DD673666-C9CE-4C10-9800-61DDBA859794}.Debug|Any CPU.ActiveCfg = Debug|Any CPU
		{DD673666-C9CE-4C10-9800-61DDBA859794}.Debug|Any CPU.Build.0 = Debug|Any CPU
		{DD673666-C9CE-4C10-9800-61DDBA859794}.Debug|ARM.ActiveCfg = Debug|Any CPU
		{DD673666-C9CE-4C10-9800-61DDBA859794}.Debug|ARM.Build.0 = Debug|Any CPU
		{DD673666-C9CE-4C10-9800-61DDBA859794}.Debug|ARM64.ActiveCfg = Debug|Any CPU
		{DD673666-C9CE-4C10-9800-61DDBA859794}.Debug|ARM64.Build.0 = Debug|Any CPU
		{DD673666-C9CE-4C10-9800-61DDBA859794}.Debug|x64.ActiveCfg = Debug|Any CPU
		{DD673666-C9CE-4C10-9800-61DDBA859794}.Debug|x64.Build.0 = Debug|Any CPU
		{DD673666-C9CE-4C10-9800-61DDBA859794}.Debug|x86.ActiveCfg = Debug|Any CPU
		{DD673666-C9CE-4C10-9800-61DDBA859794}.Debug|x86.Build.0 = Debug|Any CPU
		{DD673666-C9CE-4C10-9800-61DDBA859794}.Release|Any CPU.ActiveCfg = Release|Any CPU
		{DD673666-C9CE-4C10-9800-61DDBA859794}.Release|Any CPU.Build.0 = Release|Any CPU
		{DD673666-C9CE-4C10-9800-61DDBA859794}.Release|ARM.ActiveCfg = Release|Any CPU
		{DD673666-C9CE-4C10-9800-61DDBA859794}.Release|ARM.Build.0 = Release|Any CPU
		{DD673666-C9CE-4C10-9800-61DDBA859794}.Release|ARM64.ActiveCfg = Release|Any CPU
		{DD673666-C9CE-4C10-9800-61DDBA859794}.Release|ARM64.Build.0 = Release|Any CPU
		{DD673666-C9CE-4C10-9800-61DDBA859794}.Release|x64.ActiveCfg = Release|Any CPU
		{DD673666-C9CE-4C10-9800-61DDBA859794}.Release|x64.Build.0 = Release|Any CPU
		{DD673666-C9CE-4C10-9800-61DDBA859794}.Release|x86.ActiveCfg = Release|Any CPU
		{DD673666-C9CE-4C10-9800-61DDBA859794}.Release|x86.Build.0 = Release|Any CPU
		{136A38E4-A30D-411E-8833-C18E3BA85DEB}.Debug|Any CPU.ActiveCfg = Debug|Any CPU
		{136A38E4-A30D-411E-8833-C18E3BA85DEB}.Debug|Any CPU.Build.0 = Debug|Any CPU
		{136A38E4-A30D-411E-8833-C18E3BA85DEB}.Debug|ARM.ActiveCfg = Debug|Any CPU
		{136A38E4-A30D-411E-8833-C18E3BA85DEB}.Debug|ARM.Build.0 = Debug|Any CPU
		{136A38E4-A30D-411E-8833-C18E3BA85DEB}.Debug|ARM64.ActiveCfg = Debug|Any CPU
		{136A38E4-A30D-411E-8833-C18E3BA85DEB}.Debug|ARM64.Build.0 = Debug|Any CPU
		{136A38E4-A30D-411E-8833-C18E3BA85DEB}.Debug|x64.ActiveCfg = Debug|Any CPU
		{136A38E4-A30D-411E-8833-C18E3BA85DEB}.Debug|x64.Build.0 = Debug|Any CPU
		{136A38E4-A30D-411E-8833-C18E3BA85DEB}.Debug|x86.ActiveCfg = Debug|Any CPU
		{136A38E4-A30D-411E-8833-C18E3BA85DEB}.Debug|x86.Build.0 = Debug|Any CPU
		{136A38E4-A30D-411E-8833-C18E3BA85DEB}.Release|Any CPU.ActiveCfg = Release|Any CPU
		{136A38E4-A30D-411E-8833-C18E3BA85DEB}.Release|Any CPU.Build.0 = Release|Any CPU
		{136A38E4-A30D-411E-8833-C18E3BA85DEB}.Release|ARM.ActiveCfg = Release|Any CPU
		{136A38E4-A30D-411E-8833-C18E3BA85DEB}.Release|ARM.Build.0 = Release|Any CPU
		{136A38E4-A30D-411E-8833-C18E3BA85DEB}.Release|ARM64.ActiveCfg = Release|Any CPU
		{136A38E4-A30D-411E-8833-C18E3BA85DEB}.Release|ARM64.Build.0 = Release|Any CPU
		{136A38E4-A30D-411E-8833-C18E3BA85DEB}.Release|x64.ActiveCfg = Release|Any CPU
		{136A38E4-A30D-411E-8833-C18E3BA85DEB}.Release|x64.Build.0 = Release|Any CPU
		{136A38E4-A30D-411E-8833-C18E3BA85DEB}.Release|x86.ActiveCfg = Release|Any CPU
		{136A38E4-A30D-411E-8833-C18E3BA85DEB}.Release|x86.Build.0 = Release|Any CPU
	EndGlobalSection
	GlobalSection(SolutionProperties) = preSolution
		HideSolutionNode = FALSE
	EndGlobalSection
	GlobalSection(ExtensibilityGlobals) = postSolution
		SolutionGuid = {ECDADC4E-D751-49FB-B7FB-F1E00E1E1414}
	EndGlobalSection
EndGlobal
