
Microsoft Visual Studio Solution File, Format Version 12.00
# Visual Studio Version 17
VisualStudioVersion = 17.7.34031.279
MinimumVisualStudioVersion = 10.0.40219.1
Project("{9A19103F-16F7-4668-BE54-9A1E7A4F7556}") = "SignalRChat", "SignalRChat\SignalRChat.csproj", "{E56D743C-1EE1-4329-B9FB-F0EECE8BBE43}"
EndProject
Project("{9A19103F-16F7-4668-BE54-9A1E7A4F7556}") = "Models", "Models\Models.csproj", "{2416C490-D588-4479-ADB1-7B4BBFFA3D8F}"
EndProject
Project("{FAE04EC0-301F-11D3-BF4B-00C04F79EFBC}") = "Ejercicio", "Ejercicio\Ejercicio.csproj", "{1392900D-41DE-4F34-80F1-B627D855A475}"
EndProject
Global
	GlobalSection(SolutionConfigurationPlatforms) = preSolution
		Debug|Any CPU = Debug|Any CPU
		Release|Any CPU = Release|Any CPU
	EndGlobalSection
	GlobalSection(ProjectConfigurationPlatforms) = postSolution
		{E56D743C-1EE1-4329-B9FB-F0EECE8BBE43}.Debug|Any CPU.ActiveCfg = Debug|Any CPU
		{E56D743C-1EE1-4329-B9FB-F0EECE8BBE43}.Debug|Any CPU.Build.0 = Debug|Any CPU
		{E56D743C-1EE1-4329-B9FB-F0EECE8BBE43}.Release|Any CPU.ActiveCfg = Release|Any CPU
		{E56D743C-1EE1-4329-B9FB-F0EECE8BBE43}.Release|Any CPU.Build.0 = Release|Any CPU
		{2416C490-D588-4479-ADB1-7B4BBFFA3D8F}.Debug|Any CPU.ActiveCfg = Debug|Any CPU
		{2416C490-D588-4479-ADB1-7B4BBFFA3D8F}.Debug|Any CPU.Build.0 = Debug|Any CPU
		{2416C490-D588-4479-ADB1-7B4BBFFA3D8F}.Release|Any CPU.ActiveCfg = Release|Any CPU
		{2416C490-D588-4479-ADB1-7B4BBFFA3D8F}.Release|Any CPU.Build.0 = Release|Any CPU
		{1392900D-41DE-4F34-80F1-B627D855A475}.Debug|Any CPU.ActiveCfg = Debug|Any CPU
		{1392900D-41DE-4F34-80F1-B627D855A475}.Debug|Any CPU.Build.0 = Debug|Any CPU
		{1392900D-41DE-4F34-80F1-B627D855A475}.Debug|Any CPU.Deploy.0 = Debug|Any CPU
		{1392900D-41DE-4F34-80F1-B627D855A475}.Release|Any CPU.ActiveCfg = Release|Any CPU
		{1392900D-41DE-4F34-80F1-B627D855A475}.Release|Any CPU.Build.0 = Release|Any CPU
		{1392900D-41DE-4F34-80F1-B627D855A475}.Release|Any CPU.Deploy.0 = Release|Any CPU
	EndGlobalSection
	GlobalSection(SolutionProperties) = preSolution
		HideSolutionNode = FALSE
	EndGlobalSection
	GlobalSection(ExtensibilityGlobals) = postSolution
		SolutionGuid = {E585BA80-8AB9-43E1-9C7E-674ECCBA3DDF}
	EndGlobalSection
EndGlobal
